
Microsoft Visual Studio Solution File, Format Version 12.00
# Visual Studio 15
VisualStudioVersion = 15.0.28307.1831
MinimumVisualStudioVersion = 10.0.40219.1
Project("{F184B08F-C81C-45F6-A57F-5ABD9991F28F}") = "201901838_FINANCIERA", "201901838_FINANCIERA\201901838_FINANCIERA.vbproj", "{826369A3-1674-4872-88B1-EC799E126B8B}"
EndProject
Global
	GlobalSection(SolutionConfigurationPlatforms) = preSolution
		Debug|Any CPU = Debug|Any CPU
		Release|Any CPU = Release|Any CPU
	EndGlobalSection
	GlobalSection(ProjectConfigurationPlatforms) = postSolution
		{826369A3-1674-4872-88B1-EC799E126B8B}.Debug|Any CPU.ActiveCfg = Debug|Any CPU
		{826369A3-1674-4872-88B1-EC799E126B8B}.Debug|Any CPU.Build.0 = Debug|Any CPU
		{826369A3-1674-4872-88B1-EC799E126B8B}.Release|Any CPU.ActiveCfg = Release|Any CPU
		{826369A3-1674-4872-88B1-EC799E126B8B}.Release|Any CPU.Build.0 = Release|Any CPU
	EndGlobalSection
	GlobalSection(SolutionProperties) = preSolution
		HideSolutionNode = FALSE
	EndGlobalSection
	GlobalSection(ExtensibilityGlobals) = postSolution
		SolutionGuid = {AECC129F-D250-4EA5-ADE4-1C21D0573A9E}
	EndGlobalSection
EndGlobal
